
Microsoft Visual Studio Solution File, Format Version 12.00
# Visual Studio Version 16
VisualStudioVersion = 16.0.29926.136
MinimumVisualStudioVersion = 10.0.40219.1
Project("{9A19103F-16F7-4668-BE54-9A1E7A4F7556}") = "SwickCache", "src\SwickCache\SwickCache.csproj", "{02A991A4-9808-4870-A37A-E3B12E5D3A8A}"
EndProject
Project("{2150E333-8FDC-42A3-9474-1A3956D46DE8}") = "src", "src", "{6237512A-1B5F-495E-BF69-C68DD555F412}"
EndProject
Project("{9A19103F-16F7-4668-BE54-9A1E7A4F7556}") = "Swick.Cache.Json", "src\Swick.Cache.Json\Swick.Cache.Json.csproj", "{49258AA0-B556-4D1F-87C9-D8CB54CF593F}"
EndProject
Project("{9A19103F-16F7-4668-BE54-9A1E7A4F7556}") = "Swick.Cache.NewtonsoftJson", "src\Swick.Cache.NewtonsoftJson\Swick.Cache.NewtonsoftJson.csproj", "{0BCEE145-11FA-4370-AA43-6C766F819122}"
EndProject
Project("{2150E333-8FDC-42A3-9474-1A3956D46DE8}") = "tests", "tests", "{79CA894F-CFAD-4BCA-AA04-E88EDA7DD4BF}"
EndProject
Project("{2150E333-8FDC-42A3-9474-1A3956D46DE8}") = "Solution Items", "Solution Items", "{307FA71B-0576-4407-81A7-505934FE69A7}"
	ProjectSection(SolutionItems) = preProject
		.github\workflows\build.yml = .github\workflows\build.yml
		Directory.Build.props = Directory.Build.props
		Directory.Build.targets = Directory.Build.targets
		GitVersion.yml = GitVersion.yml
		global.json = global.json
		LICENSE = LICENSE
		nuget.config = nuget.config
		README.md = README.md
	EndProjectSection
EndProject
Project("{9A19103F-16F7-4668-BE54-9A1E7A4F7556}") = "Swick.Cache.Tests", "tests\Swick.Cache.Tests\Swick.Cache.Tests.csproj", "{673E04FA-730E-4F09-B066-25821D6702C2}"
EndProject
Global
	GlobalSection(SolutionConfigurationPlatforms) = preSolution
		Debug|Any CPU = Debug|Any CPU
		Release|Any CPU = Release|Any CPU
	EndGlobalSection
	GlobalSection(ProjectConfigurationPlatforms) = postSolution
		{02A991A4-9808-4870-A37A-E3B12E5D3A8A}.Debug|Any CPU.ActiveCfg = Debug|Any CPU
		{02A991A4-9808-4870-A37A-E3B12E5D3A8A}.Debug|Any CPU.Build.0 = Debug|Any CPU
		{02A991A4-9808-4870-A37A-E3B12E5D3A8A}.Release|Any CPU.ActiveCfg = Release|Any CPU
		{02A991A4-9808-4870-A37A-E3B12E5D3A8A}.Release|Any CPU.Build.0 = Release|Any CPU
		{49258AA0-B556-4D1F-87C9-D8CB54CF593F}.Debug|Any CPU.ActiveCfg = Debug|Any CPU
		{49258AA0-B556-4D1F-87C9-D8CB54CF593F}.Debug|Any CPU.Build.0 = Debug|Any CPU
		{49258AA0-B556-4D1F-87C9-D8CB54CF593F}.Release|Any CPU.ActiveCfg = Release|Any CPU
		{49258AA0-B556-4D1F-87C9-D8CB54CF593F}.Release|Any CPU.Build.0 = Release|Any CPU
		{0BCEE145-11FA-4370-AA43-6C766F819122}.Debug|Any CPU.ActiveCfg = Debug|Any CPU
		{0BCEE145-11FA-4370-AA43-6C766F819122}.Debug|Any CPU.Build.0 = Debug|Any CPU
		{0BCEE145-11FA-4370-AA43-6C766F819122}.Release|Any CPU.ActiveCfg = Release|Any CPU
		{0BCEE145-11FA-4370-AA43-6C766F819122}.Release|Any CPU.Build.0 = Release|Any CPU
		{673E04FA-730E-4F09-B066-25821D6702C2}.Debug|Any CPU.ActiveCfg = Debug|Any CPU
		{673E04FA-730E-4F09-B066-25821D6702C2}.Debug|Any CPU.Build.0 = Debug|Any CPU
		{673E04FA-730E-4F09-B066-25821D6702C2}.Release|Any CPU.ActiveCfg = Release|Any CPU
		{673E04FA-730E-4F09-B066-25821D6702C2}.Release|Any CPU.Build.0 = Release|Any CPU
	EndGlobalSection
	GlobalSection(SolutionProperties) = preSolution
		HideSolutionNode = FALSE
	EndGlobalSection
	GlobalSection(NestedProjects) = preSolution
		{02A991A4-9808-4870-A37A-E3B12E5D3A8A} = {6237512A-1B5F-495E-BF69-C68DD555F412}
		{49258AA0-B556-4D1F-87C9-D8CB54CF593F} = {6237512A-1B5F-495E-BF69-C68DD555F412}
		{0BCEE145-11FA-4370-AA43-6C766F819122} = {6237512A-1B5F-495E-BF69-C68DD555F412}
		{673E04FA-730E-4F09-B066-25821D6702C2} = {79CA894F-CFAD-4BCA-AA04-E88EDA7DD4BF}
	EndGlobalSection
	GlobalSection(ExtensibilityGlobals) = postSolution
		SolutionGuid = {3229F8CB-8686-455A-84E2-9498FCF6649B}
	EndGlobalSection
EndGlobal
